
Microsoft Visual Studio Solution File, Format Version 12.00
# Visual Studio Version 17
VisualStudioVersion = 17.8.34322.80
MinimumVisualStudioVersion = 10.0.40219.1
Project("{FAE04EC0-301F-11D3-BF4B-00C04F79EFBC}") = "FelczynskiDebski.MovieApp.UI", "FelczynskiDebski.MovieApp.UI\FelczynskiDebski.MovieApp.UI.csproj", "{15F94135-E408-4CCD-B334-C03A95FAD209}"
EndProject
Project("{FAE04EC0-301F-11D3-BF4B-00C04F79EFBC}") = "FelczynskiDebski.MovieApp.BL", "FelczynskiDebski.MovieApp.BL\FelczynskiDebski.MovieApp.BL.csproj", "{D06A793B-8E18-45A9-9E31-0733B070ED1F}"
EndProject
Project("{FAE04EC0-301F-11D3-BF4B-00C04F79EFBC}") = "FelczynskiDebski.MovieApp.DAO", "FelczynskiDebski.MovieApp.DAO\FelczynskiDebski.MovieApp.DAO.csproj", "{D6565E3B-8B24-454B-B757-3925FCDC93CA}"
EndProject
Project("{FAE04EC0-301F-11D3-BF4B-00C04F79EFBC}") = "FelczynskiDebski.MovieApp.CORE", "FelczynskiDebski.MovieApp.CORE\FelczynskiDebski.MovieApp.CORE.csproj", "{FFD6B4EC-2E4A-46CF-9B76-E40C8E330DDD}"
EndProject
Project("{FAE04EC0-301F-11D3-BF4B-00C04F79EFBC}") = "FelczynskiDebski.MovieApp.INTERFACES", "FelczynskiDebski.MovieApp.INTERFACES\FelczynskiDebski.MovieApp.INTERFACES.csproj", "{EB80CFDA-3C9D-43F2-8E3D-7971CADF8238}"
EndProject
Global
	GlobalSection(SolutionConfigurationPlatforms) = preSolution
		Debug|Any CPU = Debug|Any CPU
		Release|Any CPU = Release|Any CPU
	EndGlobalSection
	GlobalSection(ProjectConfigurationPlatforms) = postSolution
		{15F94135-E408-4CCD-B334-C03A95FAD209}.Debug|Any CPU.ActiveCfg = Debug|Any CPU
		{15F94135-E408-4CCD-B334-C03A95FAD209}.Debug|Any CPU.Build.0 = Debug|Any CPU
		{15F94135-E408-4CCD-B334-C03A95FAD209}.Release|Any CPU.ActiveCfg = Release|Any CPU
		{15F94135-E408-4CCD-B334-C03A95FAD209}.Release|Any CPU.Build.0 = Release|Any CPU
		{D06A793B-8E18-45A9-9E31-0733B070ED1F}.Debug|Any CPU.ActiveCfg = Debug|Any CPU
		{D06A793B-8E18-45A9-9E31-0733B070ED1F}.Debug|Any CPU.Build.0 = Debug|Any CPU
		{D06A793B-8E18-45A9-9E31-0733B070ED1F}.Release|Any CPU.ActiveCfg = Release|Any CPU
		{D06A793B-8E18-45A9-9E31-0733B070ED1F}.Release|Any CPU.Build.0 = Release|Any CPU
		{D6565E3B-8B24-454B-B757-3925FCDC93CA}.Debug|Any CPU.ActiveCfg = Debug|Any CPU
		{D6565E3B-8B24-454B-B757-3925FCDC93CA}.Debug|Any CPU.Build.0 = Debug|Any CPU
		{D6565E3B-8B24-454B-B757-3925FCDC93CA}.Release|Any CPU.ActiveCfg = Release|Any CPU
		{D6565E3B-8B24-454B-B757-3925FCDC93CA}.Release|Any CPU.Build.0 = Release|Any CPU
		{FFD6B4EC-2E4A-46CF-9B76-E40C8E330DDD}.Debug|Any CPU.ActiveCfg = Debug|Any CPU
		{FFD6B4EC-2E4A-46CF-9B76-E40C8E330DDD}.Debug|Any CPU.Build.0 = Debug|Any CPU
		{FFD6B4EC-2E4A-46CF-9B76-E40C8E330DDD}.Release|Any CPU.ActiveCfg = Release|Any CPU
		{FFD6B4EC-2E4A-46CF-9B76-E40C8E330DDD}.Release|Any CPU.Build.0 = Release|Any CPU
		{EB80CFDA-3C9D-43F2-8E3D-7971CADF8238}.Debug|Any CPU.ActiveCfg = Debug|Any CPU
		{EB80CFDA-3C9D-43F2-8E3D-7971CADF8238}.Debug|Any CPU.Build.0 = Debug|Any CPU
		{EB80CFDA-3C9D-43F2-8E3D-7971CADF8238}.Release|Any CPU.ActiveCfg = Release|Any CPU
		{EB80CFDA-3C9D-43F2-8E3D-7971CADF8238}.Release|Any CPU.Build.0 = Release|Any CPU
	EndGlobalSection
	GlobalSection(SolutionProperties) = preSolution
		HideSolutionNode = FALSE
	EndGlobalSection
	GlobalSection(ExtensibilityGlobals) = postSolution
		SolutionGuid = {20289217-06CC-47C6-AB94-87C15EC6877D}
	EndGlobalSection
EndGlobal
